
Microsoft Visual Studio Solution File, Format Version 12.00
# Visual Studio Version 17
VisualStudioVersion = 17.8.34525.116
MinimumVisualStudioVersion = 10.0.40219.1
Project("{9A19103F-16F7-4668-BE54-9A1E7A4F7556}") = "DoughnutBank", "DoughnutBank\DoughnutBank.csproj", "{6BEEA72A-73B9-453D-916C-89A3304CEFDA}"
EndProject
Project("{2150E333-8FDC-42A3-9474-1A3956D46DE8}") = "Solution Items", "Solution Items", "{07C9B25E-50EB-4114-B33C-6573B4A5137F}"
	ProjectSection(SolutionItems) = preProject
		.gitignore = .gitignore
		README.md = README.md
	EndProjectSection
EndProject
Global
	GlobalSection(SolutionConfigurationPlatforms) = preSolution
		Debug|Any CPU = Debug|Any CPU
		Release|Any CPU = Release|Any CPU
	EndGlobalSection
	GlobalSection(ProjectConfigurationPlatforms) = postSolution
		{6BEEA72A-73B9-453D-916C-89A3304CEFDA}.Debug|Any CPU.ActiveCfg = Debug|Any CPU
		{6BEEA72A-73B9-453D-916C-89A3304CEFDA}.Debug|Any CPU.Build.0 = Debug|Any CPU
		{6BEEA72A-73B9-453D-916C-89A3304CEFDA}.Release|Any CPU.ActiveCfg = Release|Any CPU
		{6BEEA72A-73B9-453D-916C-89A3304CEFDA}.Release|Any CPU.Build.0 = Release|Any CPU
	EndGlobalSection
	GlobalSection(SolutionProperties) = preSolution
		HideSolutionNode = FALSE
	EndGlobalSection
	GlobalSection(ExtensibilityGlobals) = postSolution
		SolutionGuid = {A1827080-B340-43FC-B499-FF1D9C31297F}
	EndGlobalSection
EndGlobal
